// !$*UTF8*$!
{
	archiveVersion = 1;
	classes = {
	};
	objectVersion = 55;
	objects = {

/* Begin PBXBuildFile section */
		6B0C1684288C9852004206CD /* ProductItemView.swift in Sources */ = {isa = PBXBuildFile; fileRef = 6B0C1683288C9852004206CD /* ProductItemView.swift */; };
		6B0C1686288C9BB2004206CD /* BrandModel.swift in Sources */ = {isa = PBXBuildFile; fileRef = 6B0C1685288C9BB2004206CD /* BrandModel.swift */; };
		6B0C1688288C9BFD004206CD /* BrandItemView.swift in Sources */ = {isa = PBXBuildFile; fileRef = 6B0C1687288C9BFD004206CD /* BrandItemView.swift */; };
		6B0C168A288C9D0D004206CD /* BrandGridView.swift in Sources */ = {isa = PBXBuildFile; fileRef = 6B0C1689288C9D0D004206CD /* BrandGridView.swift */; };
		6B0C168C288C9E47004206CD /* ProductDetailView.swift in Sources */ = {isa = PBXBuildFile; fileRef = 6B0C168B288C9E47004206CD /* ProductDetailView.swift */; };
		6B0C168F288C9F6E004206CD /* NavigationBarDetailView.swift in Sources */ = {isa = PBXBuildFile; fileRef = 6B0C168E288C9F6E004206CD /* NavigationBarDetailView.swift */; };
		6B0C1691288CA08D004206CD /* HeaderDetailView.swift in Sources */ = {isa = PBXBuildFile; fileRef = 6B0C1690288CA08D004206CD /* HeaderDetailView.swift */; };
		6B0C1693288CA137004206CD /* TopPartDetailView.swift in Sources */ = {isa = PBXBuildFile; fileRef = 6B0C1692288CA137004206CD /* TopPartDetailView.swift */; };
		6B0C1695288CA488004206CD /* CustomShape.swift in Sources */ = {isa = PBXBuildFile; fileRef = 6B0C1694288CA488004206CD /* CustomShape.swift */; };
		6B0C1697288CA61A004206CD /* RatingsSizesDetailView.swift in Sources */ = {isa = PBXBuildFile; fileRef = 6B0C1696288CA619004206CD /* RatingsSizesDetailView.swift */; };
		6B0C1699288CA9AF004206CD /* QuantityFavoriteDetailView.swift in Sources */ = {isa = PBXBuildFile; fileRef = 6B0C1698288CA9AF004206CD /* QuantityFavoriteDetailView.swift */; };
		6B0C169B288CAB54004206CD /* AddToCartDetailView.swift in Sources */ = {isa = PBXBuildFile; fileRef = 6B0C169A288CAB54004206CD /* AddToCartDetailView.swift */; };
		6B0C169D288D7CE0004206CD /* Shop.swift in Sources */ = {isa = PBXBuildFile; fileRef = 6B0C169C288D7CE0004206CD /* Shop.swift */; };
		6B78EB8A2888C03F00793596 /* TouchdownApp.swift in Sources */ = {isa = PBXBuildFile; fileRef = 6B78EB892888C03F00793596 /* TouchdownApp.swift */; };
		6B78EB8C2888C03F00793596 /* ContentView.swift in Sources */ = {isa = PBXBuildFile; fileRef = 6B78EB8B2888C03F00793596 /* ContentView.swift */; };
		6B78EB8E2888C04100793596 /* Assets.xcassets in Resources */ = {isa = PBXBuildFile; fileRef = 6B78EB8D2888C04100793596 /* Assets.xcassets */; };
		6B78EB912888C04100793596 /* Preview Assets.xcassets in Resources */ = {isa = PBXBuildFile; fileRef = 6B78EB902888C04100793596 /* Preview Assets.xcassets */; };
		6B78EB9B2888C1B900793596 /* brand.json in Resources */ = {isa = PBXBuildFile; fileRef = 6B78EB972888C1B900793596 /* brand.json */; };
		6B78EB9C2888C1B900793596 /* product.json in Resources */ = {isa = PBXBuildFile; fileRef = 6B78EB982888C1B900793596 /* product.json */; };
		6B78EB9D2888C1B900793596 /* category.json in Resources */ = {isa = PBXBuildFile; fileRef = 6B78EB992888C1B900793596 /* category.json */; };
		6B78EB9E2888C1B900793596 /* player.json in Resources */ = {isa = PBXBuildFile; fileRef = 6B78EB9A2888C1B900793596 /* player.json */; };
		6B78EBA92888C31100793596 /* Constant.swift in Sources */ = {isa = PBXBuildFile; fileRef = 6B78EBA82888C31100793596 /* Constant.swift */; };
		6B78EBAB2888C4AD00793596 /* Footer.swift in Sources */ = {isa = PBXBuildFile; fileRef = 6B78EBAA2888C4AD00793596 /* Footer.swift */; };
		6B78EBAD288A061800793596 /* NavigationBarView.swift in Sources */ = {isa = PBXBuildFile; fileRef = 6B78EBAC288A061800793596 /* NavigationBarView.swift */; };
		6B78EBAF288A073500793596 /* LogoView.swift in Sources */ = {isa = PBXBuildFile; fileRef = 6B78EBAE288A073500793596 /* LogoView.swift */; };
		6B78EBB1288A891100793596 /* UIApplication+SafeAreaTop.swift in Sources */ = {isa = PBXBuildFile; fileRef = 6B78EBB0288A891100793596 /* UIApplication+SafeAreaTop.swift */; };
		6BD4661C288B43CB003ECDBD /* PlayerModel.swift in Sources */ = {isa = PBXBuildFile; fileRef = 6BD4661B288B43CB003ECDBD /* PlayerModel.swift */; };
		6BD4661E288B4409003ECDBD /* Bundle+Codable.swift in Sources */ = {isa = PBXBuildFile; fileRef = 6BD4661D288B4409003ECDBD /* Bundle+Codable.swift */; };
		6BD46620288B458F003ECDBD /* FeaturedItemView.swift in Sources */ = {isa = PBXBuildFile; fileRef = 6BD4661F288B458F003ECDBD /* FeaturedItemView.swift */; };
		6BD46622288B4618003ECDBD /* FeaturedTabView.swift in Sources */ = {isa = PBXBuildFile; fileRef = 6BD46621288B4618003ECDBD /* FeaturedTabView.swift */; };
		6BD46624288B527B003ECDBD /* CategoryModel.swift in Sources */ = {isa = PBXBuildFile; fileRef = 6BD46623288B527B003ECDBD /* CategoryModel.swift */; };
		6BD46626288B5348003ECDBD /* CategoryItemView.swift in Sources */ = {isa = PBXBuildFile; fileRef = 6BD46625288B5348003ECDBD /* CategoryItemView.swift */; };
		6BD46628288B5465003ECDBD /* CategoryGridView.swift in Sources */ = {isa = PBXBuildFile; fileRef = 6BD46627288B5465003ECDBD /* CategoryGridView.swift */; };
		6BD4662A288B5845003ECDBD /* SectionView.swift in Sources */ = {isa = PBXBuildFile; fileRef = 6BD46629288B5845003ECDBD /* SectionView.swift */; };
		6BD4662C288C964C003ECDBD /* TitleView.swift in Sources */ = {isa = PBXBuildFile; fileRef = 6BD4662B288C964C003ECDBD /* TitleView.swift */; };
		6BD4662E288C9744003ECDBD /* ProductModel.swift in Sources */ = {isa = PBXBuildFile; fileRef = 6BD4662D288C9744003ECDBD /* ProductModel.swift */; };
/* End PBXBuildFile section */

/* Begin PBXFileReference section */
		6B0C1683288C9852004206CD /* ProductItemView.swift */ = {isa = PBXFileReference; lastKnownFileType = sourcecode.swift; path = ProductItemView.swift; sourceTree = "<group>"; };
		6B0C1685288C9BB2004206CD /* BrandModel.swift */ = {isa = PBXFileReference; lastKnownFileType = sourcecode.swift; path = BrandModel.swift; sourceTree = "<group>"; };
		6B0C1687288C9BFD004206CD /* BrandItemView.swift */ = {isa = PBXFileReference; lastKnownFileType = sourcecode.swift; path = BrandItemView.swift; sourceTree = "<group>"; };
		6B0C1689288C9D0D004206CD /* BrandGridView.swift */ = {isa = PBXFileReference; lastKnownFileType = sourcecode.swift; path = BrandGridView.swift; sourceTree = "<group>"; };
		6B0C168B288C9E47004206CD /* ProductDetailView.swift */ = {isa = PBXFileReference; lastKnownFileType = sourcecode.swift; path = ProductDetailView.swift; sourceTree = "<group>"; };
		6B0C168E288C9F6E004206CD /* NavigationBarDetailView.swift */ = {isa = PBXFileReference; lastKnownFileType = sourcecode.swift; path = NavigationBarDetailView.swift; sourceTree = "<group>"; };
		6B0C1690288CA08D004206CD /* HeaderDetailView.swift */ = {isa = PBXFileReference; lastKnownFileType = sourcecode.swift; path = HeaderDetailView.swift; sourceTree = "<group>"; };
		6B0C1692288CA137004206CD /* TopPartDetailView.swift */ = {isa = PBXFileReference; lastKnownFileType = sourcecode.swift; path = TopPartDetailView.swift; sourceTree = "<group>"; };
		6B0C1694288CA488004206CD /* CustomShape.swift */ = {isa = PBXFileReference; lastKnownFileType = sourcecode.swift; path = CustomShape.swift; sourceTree = "<group>"; };
		6B0C1696288CA619004206CD /* RatingsSizesDetailView.swift */ = {isa = PBXFileReference; lastKnownFileType = sourcecode.swift; path = RatingsSizesDetailView.swift; sourceTree = "<group>"; };
		6B0C1698288CA9AF004206CD /* QuantityFavoriteDetailView.swift */ = {isa = PBXFileReference; lastKnownFileType = sourcecode.swift; path = QuantityFavoriteDetailView.swift; sourceTree = "<group>"; };
		6B0C169A288CAB54004206CD /* AddToCartDetailView.swift */ = {isa = PBXFileReference; lastKnownFileType = sourcecode.swift; path = AddToCartDetailView.swift; sourceTree = "<group>"; };
		6B0C169C288D7CE0004206CD /* Shop.swift */ = {isa = PBXFileReference; lastKnownFileType = sourcecode.swift; path = Shop.swift; sourceTree = "<group>"; };
		6B78EB862888C03F00793596 /* Touchdown.app */ = {isa = PBXFileReference; explicitFileType = wrapper.application; includeInIndex = 0; path = Touchdown.app; sourceTree = BUILT_PRODUCTS_DIR; };
		6B78EB892888C03F00793596 /* TouchdownApp.swift */ = {isa = PBXFileReference; lastKnownFileType = sourcecode.swift; path = TouchdownApp.swift; sourceTree = "<group>"; };
		6B78EB8B2888C03F00793596 /* ContentView.swift */ = {isa = PBXFileReference; lastKnownFileType = sourcecode.swift; path = ContentView.swift; sourceTree = "<group>"; };
		6B78EB8D2888C04100793596 /* Assets.xcassets */ = {isa = PBXFileReference; lastKnownFileType = folder.assetcatalog; path = Assets.xcassets; sourceTree = "<group>"; };
		6B78EB902888C04100793596 /* Preview Assets.xcassets */ = {isa = PBXFileReference; lastKnownFileType = folder.assetcatalog; path = "Preview Assets.xcassets"; sourceTree = "<group>"; };
		6B78EB972888C1B900793596 /* brand.json */ = {isa = PBXFileReference; fileEncoding = 4; lastKnownFileType = text.json; path = brand.json; sourceTree = "<group>"; };
		6B78EB982888C1B900793596 /* product.json */ = {isa = PBXFileReference; fileEncoding = 4; lastKnownFileType = text.json; path = product.json; sourceTree = "<group>"; };
		6B78EB992888C1B900793596 /* category.json */ = {isa = PBXFileReference; fileEncoding = 4; lastKnownFileType = text.json; path = category.json; sourceTree = "<group>"; };
		6B78EB9A2888C1B900793596 /* player.json */ = {isa = PBXFileReference; fileEncoding = 4; lastKnownFileType = text.json; path = player.json; sourceTree = "<group>"; };
		6B78EBA02888C1F400793596 /* Info.plist */ = {isa = PBXFileReference; lastKnownFileType = text.plist; path = Info.plist; sourceTree = "<group>"; };
		6B78EBA82888C31100793596 /* Constant.swift */ = {isa = PBXFileReference; lastKnownFileType = sourcecode.swift; path = Constant.swift; sourceTree = "<group>"; };
		6B78EBAA2888C4AD00793596 /* Footer.swift */ = {isa = PBXFileReference; lastKnownFileType = sourcecode.swift; path = Footer.swift; sourceTree = "<group>"; };
		6B78EBAC288A061800793596 /* NavigationBarView.swift */ = {isa = PBXFileReference; lastKnownFileType = sourcecode.swift; path = NavigationBarView.swift; sourceTree = "<group>"; };
		6B78EBAE288A073500793596 /* LogoView.swift */ = {isa = PBXFileReference; lastKnownFileType = sourcecode.swift; path = LogoView.swift; sourceTree = "<group>"; };
		6B78EBB0288A891100793596 /* UIApplication+SafeAreaTop.swift */ = {isa = PBXFileReference; lastKnownFileType = sourcecode.swift; path = "UIApplication+SafeAreaTop.swift"; sourceTree = "<group>"; };
		6BD4661B288B43CB003ECDBD /* PlayerModel.swift */ = {isa = PBXFileReference; lastKnownFileType = sourcecode.swift; path = PlayerModel.swift; sourceTree = "<group>"; };
		6BD4661D288B4409003ECDBD /* Bundle+Codable.swift */ = {isa = PBXFileReference; lastKnownFileType = sourcecode.swift; path = "Bundle+Codable.swift"; sourceTree = "<group>"; };
		6BD4661F288B458F003ECDBD /* FeaturedItemView.swift */ = {isa = PBXFileReference; lastKnownFileType = sourcecode.swift; path = FeaturedItemView.swift; sourceTree = "<group>"; };
		6BD46621288B4618003ECDBD /* FeaturedTabView.swift */ = {isa = PBXFileReference; lastKnownFileType = sourcecode.swift; path = FeaturedTabView.swift; sourceTree = "<group>"; };
		6BD46623288B527B003ECDBD /* CategoryModel.swift */ = {isa = PBXFileReference; lastKnownFileType = sourcecode.swift; path = CategoryModel.swift; sourceTree = "<group>"; };
		6BD46625288B5348003ECDBD /* CategoryItemView.swift */ = {isa = PBXFileReference; lastKnownFileType = sourcecode.swift; path = CategoryItemView.swift; sourceTree = "<group>"; };
		6BD46627288B5465003ECDBD /* CategoryGridView.swift */ = {isa = PBXFileReference; lastKnownFileType = sourcecode.swift; path = CategoryGridView.swift; sourceTree = "<group>"; };
		6BD46629288B5845003ECDBD /* SectionView.swift */ = {isa = PBXFileReference; lastKnownFileType = sourcecode.swift; path = SectionView.swift; sourceTree = "<group>"; };
		6BD4662B288C964C003ECDBD /* TitleView.swift */ = {isa = PBXFileReference; lastKnownFileType = sourcecode.swift; path = TitleView.swift; sourceTree = "<group>"; };
		6BD4662D288C9744003ECDBD /* ProductModel.swift */ = {isa = PBXFileReference; lastKnownFileType = sourcecode.swift; path = ProductModel.swift; sourceTree = "<group>"; };
/* End PBXFileReference section */

/* Begin PBXFrameworksBuildPhase section */
		6B78EB832888C03F00793596 /* Frameworks */ = {
			isa = PBXFrameworksBuildPhase;
			buildActionMask = 2147483647;
			files = (
			);
			runOnlyForDeploymentPostprocessing = 0;
		};
/* End PBXFrameworksBuildPhase section */

/* Begin PBXGroup section */
		6B78EB7D2888C03E00793596 = {
			isa = PBXGroup;
			children = (
				6B78EB882888C03F00793596 /* Touchdown */,
				6B78EB872888C03F00793596 /* Products */,
			);
			sourceTree = "<group>";
		};
		6B78EB872888C03F00793596 /* Products */ = {
			isa = PBXGroup;
			children = (
				6B78EB862888C03F00793596 /* Touchdown.app */,
			);
			name = Products;
			sourceTree = "<group>";
		};
		6B78EB882888C03F00793596 /* Touchdown */ = {
			isa = PBXGroup;
			children = (
				6B78EBA72888C2FC00793596 /* Utility */,
				6B78EBA62888C2F400793596 /* Extension */,
				6B78EBA52888C2EF00793596 /* Model */,
				6B78EBA22888C2CD00793596 /* View */,
				6B78EBA02888C1F400793596 /* Info.plist */,
				6B78EB9F2888C1C300793596 /* Data */,
				6B78EBA12888C2BF00793596 /* App */,
				6B78EB8D2888C04100793596 /* Assets.xcassets */,
				6B78EB8F2888C04100793596 /* Preview Content */,
			);
			path = Touchdown;
			sourceTree = "<group>";
		};
		6B78EB8F2888C04100793596 /* Preview Content */ = {
			isa = PBXGroup;
			children = (
				6B78EB902888C04100793596 /* Preview Assets.xcassets */,
			);
			path = "Preview Content";
			sourceTree = "<group>";
		};
		6B78EB9F2888C1C300793596 /* Data */ = {
			isa = PBXGroup;
			children = (
				6B78EB972888C1B900793596 /* brand.json */,
				6B78EB992888C1B900793596 /* category.json */,
				6B78EB9A2888C1B900793596 /* player.json */,
				6B78EB982888C1B900793596 /* product.json */,
			);
			path = Data;
			sourceTree = "<group>";
		};
		6B78EBA12888C2BF00793596 /* App */ = {
			isa = PBXGroup;
			children = (
				6B78EB892888C03F00793596 /* TouchdownApp.swift */,
				6B78EB8B2888C03F00793596 /* ContentView.swift */,
				6B0C168B288C9E47004206CD /* ProductDetailView.swift */,
			);
			path = App;
			sourceTree = "<group>";
		};
		6B78EBA22888C2CD00793596 /* View */ = {
			isa = PBXGroup;
			children = (
				6B78EBA42888C2DD00793596 /* Home */,
				6B78EBA32888C2D400793596 /* Detail */,
			);
			path = View;
			sourceTree = "<group>";
		};
		6B78EBA32888C2D400793596 /* Detail */ = {
			isa = PBXGroup;
			children = (
				6B0C168E288C9F6E004206CD /* NavigationBarDetailView.swift */,
				6B0C1690288CA08D004206CD /* HeaderDetailView.swift */,
				6B0C1692288CA137004206CD /* TopPartDetailView.swift */,
				6B0C1696288CA619004206CD /* RatingsSizesDetailView.swift */,
				6B0C1698288CA9AF004206CD /* QuantityFavoriteDetailView.swift */,
				6B0C169A288CAB54004206CD /* AddToCartDetailView.swift */,
			);
			path = Detail;
			sourceTree = "<group>";
		};
		6B78EBA42888C2DD00793596 /* Home */ = {
			isa = PBXGroup;
			children = (
				6B78EBAA2888C4AD00793596 /* Footer.swift */,
				6B78EBAC288A061800793596 /* NavigationBarView.swift */,
				6B78EBAE288A073500793596 /* LogoView.swift */,
				6BD4661F288B458F003ECDBD /* FeaturedItemView.swift */,
				6BD46621288B4618003ECDBD /* FeaturedTabView.swift */,
				6BD46625288B5348003ECDBD /* CategoryItemView.swift */,
				6BD46627288B5465003ECDBD /* CategoryGridView.swift */,
				6BD46629288B5845003ECDBD /* SectionView.swift */,
				6BD4662B288C964C003ECDBD /* TitleView.swift */,
				6B0C1683288C9852004206CD /* ProductItemView.swift */,
				6B0C1687288C9BFD004206CD /* BrandItemView.swift */,
				6B0C1689288C9D0D004206CD /* BrandGridView.swift */,
			);
			path = Home;
			sourceTree = "<group>";
		};
		6B78EBA52888C2EF00793596 /* Model */ = {
			isa = PBXGroup;
			children = (
				6BD4661B288B43CB003ECDBD /* PlayerModel.swift */,
				6BD46623288B527B003ECDBD /* CategoryModel.swift */,
				6BD4662D288C9744003ECDBD /* ProductModel.swift */,
				6B0C1685288C9BB2004206CD /* BrandModel.swift */,
			);
			path = Model;
			sourceTree = "<group>";
		};
		6B78EBA62888C2F400793596 /* Extension */ = {
			isa = PBXGroup;
			children = (
				6B78EBB0288A891100793596 /* UIApplication+SafeAreaTop.swift */,
				6BD4661D288B4409003ECDBD /* Bundle+Codable.swift */,
			);
			path = Extension;
			sourceTree = "<group>";
		};
		6B78EBA72888C2FC00793596 /* Utility */ = {
			isa = PBXGroup;
			children = (
				6B78EBA82888C31100793596 /* Constant.swift */,
				6B0C1694288CA488004206CD /* CustomShape.swift */,
				6B0C169C288D7CE0004206CD /* Shop.swift */,
			);
			path = Utility;
			sourceTree = "<group>";
		};
/* End PBXGroup section */

/* Begin PBXNativeTarget section */
		6B78EB852888C03F00793596 /* Touchdown */ = {
			isa = PBXNativeTarget;
			buildConfigurationList = 6B78EB942888C04100793596 /* Build configuration list for PBXNativeTarget "Touchdown" */;
			buildPhases = (
				6B78EB822888C03F00793596 /* Sources */,
				6B78EB832888C03F00793596 /* Frameworks */,
				6B78EB842888C03F00793596 /* Resources */,
			);
			buildRules = (
			);
			dependencies = (
			);
			name = Touchdown;
			productName = Touchdown;
			productReference = 6B78EB862888C03F00793596 /* Touchdown.app */;
			productType = "com.apple.product-type.application";
		};
/* End PBXNativeTarget section */

/* Begin PBXProject section */
		6B78EB7E2888C03E00793596 /* Project object */ = {
			isa = PBXProject;
			attributes = {
				BuildIndependentTargetsInParallel = 1;
				LastSwiftUpdateCheck = 1330;
				LastUpgradeCheck = 1330;
				TargetAttributes = {
					6B78EB852888C03F00793596 = {
						CreatedOnToolsVersion = 13.3.1;
					};
				};
			};
			buildConfigurationList = 6B78EB812888C03E00793596 /* Build configuration list for PBXProject "Touchdown" */;
			compatibilityVersion = "Xcode 13.0";
			developmentRegion = en;
			hasScannedForEncodings = 0;
			knownRegions = (
				en,
				Base,
			);
			mainGroup = 6B78EB7D2888C03E00793596;
			productRefGroup = 6B78EB872888C03F00793596 /* Products */;
			projectDirPath = "";
			projectRoot = "";
			targets = (
				6B78EB852888C03F00793596 /* Touchdown */,
			);
		};
/* End PBXProject section */

/* Begin PBXResourcesBuildPhase section */
		6B78EB842888C03F00793596 /* Resources */ = {
			isa = PBXResourcesBuildPhase;
			buildActionMask = 2147483647;
			files = (
				6B78EB9E2888C1B900793596 /* player.json in Resources */,
				6B78EB912888C04100793596 /* Preview Assets.xcassets in Resources */,
				6B78EB9C2888C1B900793596 /* product.json in Resources */,
				6B78EB9D2888C1B900793596 /* category.json in Resources */,
				6B78EB8E2888C04100793596 /* Assets.xcassets in Resources */,
				6B78EB9B2888C1B900793596 /* brand.json in Resources */,
			);
			runOnlyForDeploymentPostprocessing = 0;
		};
/* End PBXResourcesBuildPhase section */

/* Begin PBXSourcesBuildPhase section */
		6B78EB822888C03F00793596 /* Sources */ = {
			isa = PBXSourcesBuildPhase;
			buildActionMask = 2147483647;
			files = (
				6BD46628288B5465003ECDBD /* CategoryGridView.swift in Sources */,
				6B78EB8C2888C03F00793596 /* ContentView.swift in Sources */,
				6BD4662A288B5845003ECDBD /* SectionView.swift in Sources */,
				6B0C169D288D7CE0004206CD /* Shop.swift in Sources */,
				6BD4662E288C9744003ECDBD /* ProductModel.swift in Sources */,
				6B0C1699288CA9AF004206CD /* QuantityFavoriteDetailView.swift in Sources */,
				6BD46624288B527B003ECDBD /* CategoryModel.swift in Sources */,
				6BD46620288B458F003ECDBD /* FeaturedItemView.swift in Sources */,
				6B78EBAF288A073500793596 /* LogoView.swift in Sources */,
				6B0C168A288C9D0D004206CD /* BrandGridView.swift in Sources */,
				6B0C1691288CA08D004206CD /* HeaderDetailView.swift in Sources */,
				6B0C169B288CAB54004206CD /* AddToCartDetailView.swift in Sources */,
				6B0C1693288CA137004206CD /* TopPartDetailView.swift in Sources */,
				6BD4661C288B43CB003ECDBD /* PlayerModel.swift in Sources */,
				6BD4662C288C964C003ECDBD /* TitleView.swift in Sources */,
				6B0C1695288CA488004206CD /* CustomShape.swift in Sources */,
				6B0C168F288C9F6E004206CD /* NavigationBarDetailView.swift in Sources */,
				6B0C1697288CA61A004206CD /* RatingsSizesDetailView.swift in Sources */,
				6B0C1684288C9852004206CD /* ProductItemView.swift in Sources */,
				6B78EBB1288A891100793596 /* UIApplication+SafeAreaTop.swift in Sources */,
				6BD46622288B4618003ECDBD /* FeaturedTabView.swift in Sources */,
				6B0C168C288C9E47004206CD /* ProductDetailView.swift in Sources */,
				6B78EB8A2888C03F00793596 /* TouchdownApp.swift in Sources */,
				6B78EBAB2888C4AD00793596 /* Footer.swift in Sources */,
				6B78EBA92888C31100793596 /* Constant.swift in Sources */,
				6B0C1688288C9BFD004206CD /* BrandItemView.swift in Sources */,
				6BD46626288B5348003ECDBD /* CategoryItemView.swift in Sources */,
				6B78EBAD288A061800793596 /* NavigationBarView.swift in Sources */,
				6BD4661E288B4409003ECDBD /* Bundle+Codable.swift in Sources */,
				6B0C1686288C9BB2004206CD /* BrandModel.swift in Sources */,
			);
			runOnlyForDeploymentPostprocessing = 0;
		};
/* End PBXSourcesBuildPhase section */

/* Begin XCBuildConfiguration section */
		6B78EB922888C04100793596 /* Debug */ = {
			isa = XCBuildConfiguration;
			buildSettings = {
				ALWAYS_SEARCH_USER_PATHS = NO;
				CLANG_ANALYZER_NONNULL = YES;
				CLANG_ANALYZER_NUMBER_OBJECT_CONVERSION = YES_AGGRESSIVE;
				CLANG_CXX_LANGUAGE_STANDARD = "gnu++17";
				CLANG_ENABLE_MODULES = YES;
				CLANG_ENABLE_OBJC_ARC = YES;
				CLANG_ENABLE_OBJC_WEAK = YES;
				CLANG_WARN_BLOCK_CAPTURE_AUTORELEASING = YES;
				CLANG_WARN_BOOL_CONVERSION = YES;
				CLANG_WARN_COMMA = YES;
				CLANG_WARN_CONSTANT_CONVERSION = YES;
				CLANG_WARN_DEPRECATED_OBJC_IMPLEMENTATIONS = YES;
				CLANG_WARN_DIRECT_OBJC_ISA_USAGE = YES_ERROR;
				CLANG_WARN_DOCUMENTATION_COMMENTS = YES;
				CLANG_WARN_EMPTY_BODY = YES;
				CLANG_WARN_ENUM_CONVERSION = YES;
				CLANG_WARN_INFINITE_RECURSION = YES;
				CLANG_WARN_INT_CONVERSION = YES;
				CLANG_WARN_NON_LITERAL_NULL_CONVERSION = YES;
				CLANG_WARN_OBJC_IMPLICIT_RETAIN_SELF = YES;
				CLANG_WARN_OBJC_LITERAL_CONVERSION = YES;
				CLANG_WARN_OBJC_ROOT_CLASS = YES_ERROR;
				CLANG_WARN_QUOTED_INCLUDE_IN_FRAMEWORK_HEADER = YES;
				CLANG_WARN_RANGE_LOOP_ANALYSIS = YES;
				CLANG_WARN_STRICT_PROTOTYPES = YES;
				CLANG_WARN_SUSPICIOUS_MOVE = YES;
				CLANG_WARN_UNGUARDED_AVAILABILITY = YES_AGGRESSIVE;
				CLANG_WARN_UNREACHABLE_CODE = YES;
				CLANG_WARN__DUPLICATE_METHOD_MATCH = YES;
				COPY_PHASE_STRIP = NO;
				DEBUG_INFORMATION_FORMAT = dwarf;
				ENABLE_STRICT_OBJC_MSGSEND = YES;
				ENABLE_TESTABILITY = YES;
				GCC_C_LANGUAGE_STANDARD = gnu11;
				GCC_DYNAMIC_NO_PIC = NO;
				GCC_NO_COMMON_BLOCKS = YES;
				GCC_OPTIMIZATION_LEVEL = 0;
				GCC_PREPROCESSOR_DEFINITIONS = (
					"DEBUG=1",
					"$(inherited)",
				);
				GCC_WARN_64_TO_32_BIT_CONVERSION = YES;
				GCC_WARN_ABOUT_RETURN_TYPE = YES_ERROR;
				GCC_WARN_UNDECLARED_SELECTOR = YES;
				GCC_WARN_UNINITIALIZED_AUTOS = YES_AGGRESSIVE;
				GCC_WARN_UNUSED_FUNCTION = YES;
				GCC_WARN_UNUSED_VARIABLE = YES;
				IPHONEOS_DEPLOYMENT_TARGET = 15.4;
				MTL_ENABLE_DEBUG_INFO = INCLUDE_SOURCE;
				MTL_FAST_MATH = YES;
				ONLY_ACTIVE_ARCH = YES;
				SDKROOT = iphoneos;
				SWIFT_ACTIVE_COMPILATION_CONDITIONS = DEBUG;
				SWIFT_OPTIMIZATION_LEVEL = "-Onone";
			};
			name = Debug;
		};
		6B78EB932888C04100793596 /* Release */ = {
			isa = XCBuildConfiguration;
			buildSettings = {
				ALWAYS_SEARCH_USER_PATHS = NO;
				CLANG_ANALYZER_NONNULL = YES;
				CLANG_ANALYZER_NUMBER_OBJECT_CONVERSION = YES_AGGRESSIVE;
				CLANG_CXX_LANGUAGE_STANDARD = "gnu++17";
				CLANG_ENABLE_MODULES = YES;
				CLANG_ENABLE_OBJC_ARC = YES;
				CLANG_ENABLE_OBJC_WEAK = YES;
				CLANG_WARN_BLOCK_CAPTURE_AUTORELEASING = YES;
				CLANG_WARN_BOOL_CONVERSION = YES;
				CLANG_WARN_COMMA = YES;
				CLANG_WARN_CONSTANT_CONVERSION = YES;
				CLANG_WARN_DEPRECATED_OBJC_IMPLEMENTATIONS = YES;
				CLANG_WARN_DIRECT_OBJC_ISA_USAGE = YES_ERROR;
				CLANG_WARN_DOCUMENTATION_COMMENTS = YES;
				CLANG_WARN_EMPTY_BODY = YES;
				CLANG_WARN_ENUM_CONVERSION = YES;
				CLANG_WARN_INFINITE_RECURSION = YES;
				CLANG_WARN_INT_CONVERSION = YES;
				CLANG_WARN_NON_LITERAL_NULL_CONVERSION = YES;
				CLANG_WARN_OBJC_IMPLICIT_RETAIN_SELF = YES;
				CLANG_WARN_OBJC_LITERAL_CONVERSION = YES;
				CLANG_WARN_OBJC_ROOT_CLASS = YES_ERROR;
				CLANG_WARN_QUOTED_INCLUDE_IN_FRAMEWORK_HEADER = YES;
				CLANG_WARN_RANGE_LOOP_ANALYSIS = YES;
				CLANG_WARN_STRICT_PROTOTYPES = YES;
				CLANG_WARN_SUSPICIOUS_MOVE = YES;
				CLANG_WARN_UNGUARDED_AVAILABILITY = YES_AGGRESSIVE;
				CLANG_WARN_UNREACHABLE_CODE = YES;
				CLANG_WARN__DUPLICATE_METHOD_MATCH = YES;
				COPY_PHASE_STRIP = NO;
				DEBUG_INFORMATION_FORMAT = "dwarf-with-dsym";
				ENABLE_NS_ASSERTIONS = NO;
				ENABLE_STRICT_OBJC_MSGSEND = YES;
				GCC_C_LANGUAGE_STANDARD = gnu11;
				GCC_NO_COMMON_BLOCKS = YES;
				GCC_WARN_64_TO_32_BIT_CONVERSION = YES;
				GCC_WARN_ABOUT_RETURN_TYPE = YES_ERROR;
				GCC_WARN_UNDECLARED_SELECTOR = YES;
				GCC_WARN_UNINITIALIZED_AUTOS = YES_AGGRESSIVE;
				GCC_WARN_UNUSED_FUNCTION = YES;
				GCC_WARN_UNUSED_VARIABLE = YES;
				IPHONEOS_DEPLOYMENT_TARGET = 15.4;
				MTL_ENABLE_DEBUG_INFO = NO;
				MTL_FAST_MATH = YES;
				SDKROOT = iphoneos;
				SWIFT_COMPILATION_MODE = wholemodule;
				SWIFT_OPTIMIZATION_LEVEL = "-O";
				VALIDATE_PRODUCT = YES;
			};
			name = Release;
		};
		6B78EB952888C04100793596 /* Debug */ = {
			isa = XCBuildConfiguration;
			buildSettings = {
				ASSETCATALOG_COMPILER_APPICON_NAME = AppIcon;
				ASSETCATALOG_COMPILER_GLOBAL_ACCENT_COLOR_NAME = AccentColor;
				CODE_SIGN_STYLE = Automatic;
				CURRENT_PROJECT_VERSION = 1;
				DEVELOPMENT_ASSET_PATHS = "\"Touchdown/Preview Content\"";
				DEVELOPMENT_TEAM = R36C94X925;
				ENABLE_PREVIEWS = YES;
				GENERATE_INFOPLIST_FILE = YES;
				INFOPLIST_FILE = Touchdown/Info.plist;
				INFOPLIST_KEY_UIApplicationSceneManifest_Generation = YES;
				INFOPLIST_KEY_UIApplicationSupportsIndirectInputEvents = YES;
				INFOPLIST_KEY_UISupportedInterfaceOrientations = UIInterfaceOrientationPortrait;
				INFOPLIST_KEY_UISupportedInterfaceOrientations_iPad = "UIInterfaceOrientationPortrait UIInterfaceOrientationPortraitUpsideDown UIInterfaceOrientationLandscapeLeft UIInterfaceOrientationLandscapeRight";
				INFOPLIST_KEY_UISupportedInterfaceOrientations_iPhone = "UIInterfaceOrientationPortrait UIInterfaceOrientationLandscapeLeft UIInterfaceOrientationLandscapeRight";
				INFOPLIST_KEY_UIUserInterfaceStyle = Light;
				LD_RUNPATH_SEARCH_PATHS = (
					"$(inherited)",
					"@executable_path/Frameworks",
				);
				MARKETING_VERSION = 1.0;
				PRODUCT_BUNDLE_IDENTIFIER = com.limulus.Touchdown;
				PRODUCT_NAME = "$(TARGET_NAME)";
				SWIFT_EMIT_LOC_STRINGS = YES;
				SWIFT_VERSION = 5.0;
				TARGETED_DEVICE_FAMILY = "1,2";
			};
			name = Debug;
		};
		6B78EB962888C04100793596 /* Release */ = {
			isa = XCBuildConfiguration;
			buildSettings = {
				ASSETCATALOG_COMPILER_APPICON_NAME = AppIcon;
				ASSETCATALOG_COMPILER_GLOBAL_ACCENT_COLOR_NAME = AccentColor;
				CODE_SIGN_STYLE = Automatic;
				CURRENT_PROJECT_VERSION = 1;
				DEVELOPMENT_ASSET_PATHS = "\"Touchdown/Preview Content\"";
				DEVELOPMENT_TEAM = R36C94X925;
				ENABLE_PREVIEWS = YES;
				GENERATE_INFOPLIST_FILE = YES;
				INFOPLIST_FILE = Touchdown/Info.plist;
				INFOPLIST_KEY_UIApplicationSceneManifest_Generation = YES;
				INFOPLIST_KEY_UIApplicationSupportsIndirectInputEvents = YES;
				INFOPLIST_KEY_UISupportedInterfaceOrientations = UIInterfaceOrientationPortrait;
				INFOPLIST_KEY_UISupportedInterfaceOrientations_iPad = "UIInterfaceOrientationPortrait UIInterfaceOrientationPortraitUpsideDown UIInterfaceOrientationLandscapeLeft UIInterfaceOrientationLandscapeRight";
				INFOPLIST_KEY_UISupportedInterfaceOrientations_iPhone = "UIInterfaceOrientationPortrait UIInterfaceOrientationLandscapeLeft UIInterfaceOrientationLandscapeRight";
				INFOPLIST_KEY_UIUserInterfaceStyle = Light;
				LD_RUNPATH_SEARCH_PATHS = (
					"$(inherited)",
					"@executable_path/Frameworks",
				);
				MARKETING_VERSION = 1.0;
				PRODUCT_BUNDLE_IDENTIFIER = com.limulus.Touchdown;
				PRODUCT_NAME = "$(TARGET_NAME)";
				SWIFT_EMIT_LOC_STRINGS = YES;
				SWIFT_VERSION = 5.0;
				TARGETED_DEVICE_FAMILY = "1,2";
			};
			name = Release;
		};
/* End XCBuildConfiguration section */

/* Begin XCConfigurationList section */
		6B78EB812888C03E00793596 /* Build configuration list for PBXProject "Touchdown" */ = {
			isa = XCConfigurationList;
			buildConfigurations = (
				6B78EB922888C04100793596 /* Debug */,
				6B78EB932888C04100793596 /* Release */,
			);
			defaultConfigurationIsVisible = 0;
			defaultConfigurationName = Release;
		};
		6B78EB942888C04100793596 /* Build configuration list for PBXNativeTarget "Touchdown" */ = {
			isa = XCConfigurationList;
			buildConfigurations = (
				6B78EB952888C04100793596 /* Debug */,
				6B78EB962888C04100793596 /* Release */,
			);
			defaultConfigurationIsVisible = 0;
			defaultConfigurationName = Release;
		};
/* End XCConfigurationList section */
	};
	rootObject = 6B78EB7E2888C03E00793596 /* Project object */;
}
